
Microsoft Visual Studio Solution File, Format Version 12.00
# Visual Studio 15
VisualStudioVersion = 15.0.27130.2027
MinimumVisualStudioVersion = 10.0.40219.1
Project("{FAE04EC0-301F-11D3-BF4B-00C04F79EFBC}") = "Test.Helper", "TestHelper\Test.Helper.csproj", "{2F4661F7-9917-4050-A3EA-2BEAFAF9FCB1}"
EndProject
Project("{FAE04EC0-301F-11D3-BF4B-00C04F79EFBC}") = "Test.Otomasyon", "Test.Otomasyon\Test.Otomasyon.csproj", "{C605BCC2-F3C9-4047-845C-0DAE2E947613}"
EndProject
Global
	GlobalSection(SolutionConfigurationPlatforms) = preSolution
		Debug|Any CPU = Debug|Any CPU
		Release|Any CPU = Release|Any CPU
	EndGlobalSection
	GlobalSection(ProjectConfigurationPlatforms) = postSolution
		{2F4661F7-9917-4050-A3EA-2BEAFAF9FCB1}.Debug|Any CPU.ActiveCfg = Debug|Any CPU
		{2F4661F7-9917-4050-A3EA-2BEAFAF9FCB1}.Debug|Any CPU.Build.0 = Debug|Any CPU
		{2F4661F7-9917-4050-A3EA-2BEAFAF9FCB1}.Release|Any CPU.ActiveCfg = Release|Any CPU
		{2F4661F7-9917-4050-A3EA-2BEAFAF9FCB1}.Release|Any CPU.Build.0 = Release|Any CPU
		{C605BCC2-F3C9-4047-845C-0DAE2E947613}.Debug|Any CPU.ActiveCfg = Debug|Any CPU
		{C605BCC2-F3C9-4047-845C-0DAE2E947613}.Debug|Any CPU.Build.0 = Debug|Any CPU
		{C605BCC2-F3C9-4047-845C-0DAE2E947613}.Release|Any CPU.ActiveCfg = Release|Any CPU
		{C605BCC2-F3C9-4047-845C-0DAE2E947613}.Release|Any CPU.Build.0 = Release|Any CPU
	EndGlobalSection
	GlobalSection(SolutionProperties) = preSolution
		HideSolutionNode = FALSE
	EndGlobalSection
	GlobalSection(ExtensibilityGlobals) = postSolution
		SolutionGuid = {6D11F14D-DA73-4699-AF68-D1422D3C95F0}
	EndGlobalSection
EndGlobal
